
Microsoft Visual Studio Solution File, Format Version 12.00
# Visual Studio Version 17
VisualStudioVersion = 17.3.32819.101
MinimumVisualStudioVersion = 10.0.40219.1
Project("{FAE04EC0-301F-11D3-BF4B-00C04F79EFBC}") = "Ticaret-E(Mvc)", "Ticaret-E(Mvc)\Ticaret-E(Mvc).csproj", "{5673ADA2-8205-401E-B65E-2F69F8190ADD}"
EndProject
Global
	GlobalSection(SolutionConfigurationPlatforms) = preSolution
		Debug|Any CPU = Debug|Any CPU
		Release|Any CPU = Release|Any CPU
	EndGlobalSection
	GlobalSection(ProjectConfigurationPlatforms) = postSolution
		{5673ADA2-8205-401E-B65E-2F69F8190ADD}.Debug|Any CPU.ActiveCfg = Debug|Any CPU
		{5673ADA2-8205-401E-B65E-2F69F8190ADD}.Debug|Any CPU.Build.0 = Debug|Any CPU
		{5673ADA2-8205-401E-B65E-2F69F8190ADD}.Release|Any CPU.ActiveCfg = Release|Any CPU
		{5673ADA2-8205-401E-B65E-2F69F8190ADD}.Release|Any CPU.Build.0 = Release|Any CPU
	EndGlobalSection
	GlobalSection(SolutionProperties) = preSolution
		HideSolutionNode = FALSE
	EndGlobalSection
	GlobalSection(ExtensibilityGlobals) = postSolution
		SolutionGuid = {B1215193-BF9A-4154-91F0-6ADADE06BBE9}
	EndGlobalSection
EndGlobal
